
Microsoft Visual Studio Solution File, Format Version 12.00
# Visual Studio Version 16
VisualStudioVersion = 16.0.31313.79
MinimumVisualStudioVersion = 10.0.40219.1
Project("{FAE04EC0-301F-11D3-BF4B-00C04F79EFBC}") = "OnlyM", "OnlyM\OnlyM.csproj", "{7873ABB8-C3F2-455A-9B2B-64FCD65B378A}"
	ProjectSection(ProjectDependencies) = postProject
		{2B2D1430-B933-4C74-8B0F-6943D6E2ED5F} = {2B2D1430-B933-4C74-8B0F-6943D6E2ED5F}
	EndProjectSection
EndProject
Project("{FAE04EC0-301F-11D3-BF4B-00C04F79EFBC}") = "IntegrationTests", "IntegrationTests\IntegrationTests.csproj", "{A7CEA7B8-3E61-4D62-ADDF-3576E30660B3}"
EndProject
Project("{2150E333-8FDC-42A3-9474-1A3956D46DE8}") = "SolutionItems", "SolutionItems", "{4BF3D9AD-4DD8-4676-81A2-E099BC2D10AD}"
	ProjectSection(SolutionItems) = preProject
		OnlyM.ruleset = OnlyM.ruleset
		SolutionInfo.cs = SolutionInfo.cs
	EndProjectSection
EndProject
Project("{8BC9CEB8-8B4A-11D0-8D11-00A0C91BC942}") = "OnlyMMirror", "OnlyMMirror\OnlyMMirror.vcxproj", "{2B2D1430-B933-4C74-8B0F-6943D6E2ED5F}"
EndProject
Project("{FAE04EC0-301F-11D3-BF4B-00C04F79EFBC}") = "OnlyMSlideManager", "OnlyMSlideManager\OnlyMSlideManager.csproj", "{C49EE33A-1653-4D59-ABF5-E395611FAD73}"
EndProject
Project("{9A19103F-16F7-4668-BE54-9A1E7A4F7556}") = "OnlyM.Core", "OnlyM.Core\OnlyM.Core.csproj", "{14AE8C9F-937D-4A31-A888-BE28E5FBAA9D}"
EndProject
Project("{9A19103F-16F7-4668-BE54-9A1E7A4F7556}") = "OnlyM.CoreSys", "OnlyM.CoreSys\OnlyM.CoreSys.csproj", "{12E6B96C-ED88-4ADB-8CBD-4FCDA34E2BED}"
EndProject
Project("{9A19103F-16F7-4668-BE54-9A1E7A4F7556}") = "OnlyM.Slides", "OnlyM.Slides\OnlyM.Slides.csproj", "{1C481C12-EC58-42E6-B88A-94E83E9206C8}"
EndProject
Project("{9A19103F-16F7-4668-BE54-9A1E7A4F7556}") = "OnlyM.CustomControls", "OnlyM.CustomControls\OnlyM.CustomControls.csproj", "{9787681A-EB7C-432F-98DD-3DF78E52053A}"
EndProject
Global
	GlobalSection(SolutionConfigurationPlatforms) = preSolution
		Debug|Any CPU = Debug|Any CPU
		Debug|x64 = Debug|x64
		Debug|x86 = Debug|x86
		Release|Any CPU = Release|Any CPU
		Release|x64 = Release|x64
		Release|x86 = Release|x86
	EndGlobalSection
	GlobalSection(ProjectConfigurationPlatforms) = postSolution
		{7873ABB8-C3F2-455A-9B2B-64FCD65B378A}.Debug|Any CPU.ActiveCfg = Debug|Any CPU
		{7873ABB8-C3F2-455A-9B2B-64FCD65B378A}.Debug|Any CPU.Build.0 = Debug|Any CPU
		{7873ABB8-C3F2-455A-9B2B-64FCD65B378A}.Debug|x64.ActiveCfg = Debug|x64
		{7873ABB8-C3F2-455A-9B2B-64FCD65B378A}.Debug|x64.Build.0 = Debug|x64
		{7873ABB8-C3F2-455A-9B2B-64FCD65B378A}.Debug|x86.ActiveCfg = Debug|x86
		{7873ABB8-C3F2-455A-9B2B-64FCD65B378A}.Debug|x86.Build.0 = Debug|x86
		{7873ABB8-C3F2-455A-9B2B-64FCD65B378A}.Release|Any CPU.ActiveCfg = Release|Any CPU
		{7873ABB8-C3F2-455A-9B2B-64FCD65B378A}.Release|Any CPU.Build.0 = Release|Any CPU
		{7873ABB8-C3F2-455A-9B2B-64FCD65B378A}.Release|x64.ActiveCfg = Release|x64
		{7873ABB8-C3F2-455A-9B2B-64FCD65B378A}.Release|x64.Build.0 = Release|x64
		{7873ABB8-C3F2-455A-9B2B-64FCD65B378A}.Release|x86.ActiveCfg = Release|x86
		{7873ABB8-C3F2-455A-9B2B-64FCD65B378A}.Release|x86.Build.0 = Release|x86
		{A7CEA7B8-3E61-4D62-ADDF-3576E30660B3}.Debug|Any CPU.ActiveCfg = Debug|Any CPU
		{A7CEA7B8-3E61-4D62-ADDF-3576E30660B3}.Debug|Any CPU.Build.0 = Debug|Any CPU
		{A7CEA7B8-3E61-4D62-ADDF-3576E30660B3}.Debug|x64.ActiveCfg = Debug|Any CPU
		{A7CEA7B8-3E61-4D62-ADDF-3576E30660B3}.Debug|x64.Build.0 = Debug|Any CPU
		{A7CEA7B8-3E61-4D62-ADDF-3576E30660B3}.Debug|x86.ActiveCfg = Debug|x86
		{A7CEA7B8-3E61-4D62-ADDF-3576E30660B3}.Debug|x86.Build.0 = Debug|x86
		{A7CEA7B8-3E61-4D62-ADDF-3576E30660B3}.Release|Any CPU.ActiveCfg = Release|Any CPU
		{A7CEA7B8-3E61-4D62-ADDF-3576E30660B3}.Release|Any CPU.Build.0 = Release|Any CPU
		{A7CEA7B8-3E61-4D62-ADDF-3576E30660B3}.Release|x64.ActiveCfg = Release|Any CPU
		{A7CEA7B8-3E61-4D62-ADDF-3576E30660B3}.Release|x64.Build.0 = Release|Any CPU
		{A7CEA7B8-3E61-4D62-ADDF-3576E30660B3}.Release|x86.ActiveCfg = Release|x86
		{A7CEA7B8-3E61-4D62-ADDF-3576E30660B3}.Release|x86.Build.0 = Release|x86
		{2B2D1430-B933-4C74-8B0F-6943D6E2ED5F}.Debug|Any CPU.ActiveCfg = Debug|Win32
		{2B2D1430-B933-4C74-8B0F-6943D6E2ED5F}.Debug|Any CPU.Build.0 = Debug|Win32
		{2B2D1430-B933-4C74-8B0F-6943D6E2ED5F}.Debug|x64.ActiveCfg = Debug|x64
		{2B2D1430-B933-4C74-8B0F-6943D6E2ED5F}.Debug|x64.Build.0 = Debug|x64
		{2B2D1430-B933-4C74-8B0F-6943D6E2ED5F}.Debug|x86.ActiveCfg = Debug|Win32
		{2B2D1430-B933-4C74-8B0F-6943D6E2ED5F}.Debug|x86.Build.0 = Debug|Win32
		{2B2D1430-B933-4C74-8B0F-6943D6E2ED5F}.Release|Any CPU.ActiveCfg = Release|Win32
		{2B2D1430-B933-4C74-8B0F-6943D6E2ED5F}.Release|Any CPU.Build.0 = Release|Win32
		{2B2D1430-B933-4C74-8B0F-6943D6E2ED5F}.Release|x64.ActiveCfg = Release|x64
		{2B2D1430-B933-4C74-8B0F-6943D6E2ED5F}.Release|x64.Build.0 = Release|x64
		{2B2D1430-B933-4C74-8B0F-6943D6E2ED5F}.Release|x86.ActiveCfg = Release|Win32
		{2B2D1430-B933-4C74-8B0F-6943D6E2ED5F}.Release|x86.Build.0 = Release|Win32
		{C49EE33A-1653-4D59-ABF5-E395611FAD73}.Debug|Any CPU.ActiveCfg = Debug|Any CPU
		{C49EE33A-1653-4D59-ABF5-E395611FAD73}.Debug|Any CPU.Build.0 = Debug|Any CPU
		{C49EE33A-1653-4D59-ABF5-E395611FAD73}.Debug|x64.ActiveCfg = Debug|Any CPU
		{C49EE33A-1653-4D59-ABF5-E395611FAD73}.Debug|x64.Build.0 = Debug|Any CPU
		{C49EE33A-1653-4D59-ABF5-E395611FAD73}.Debug|x86.ActiveCfg = Debug|Any CPU
		{C49EE33A-1653-4D59-ABF5-E395611FAD73}.Debug|x86.Build.0 = Debug|Any CPU
		{C49EE33A-1653-4D59-ABF5-E395611FAD73}.Release|Any CPU.ActiveCfg = Release|Any CPU
		{C49EE33A-1653-4D59-ABF5-E395611FAD73}.Release|Any CPU.Build.0 = Release|Any CPU
		{C49EE33A-1653-4D59-ABF5-E395611FAD73}.Release|x64.ActiveCfg = Release|Any CPU
		{C49EE33A-1653-4D59-ABF5-E395611FAD73}.Release|x64.Build.0 = Release|Any CPU
		{C49EE33A-1653-4D59-ABF5-E395611FAD73}.Release|x86.ActiveCfg = Release|Any CPU
		{C49EE33A-1653-4D59-ABF5-E395611FAD73}.Release|x86.Build.0 = Release|Any CPU
		{14AE8C9F-937D-4A31-A888-BE28E5FBAA9D}.Debug|Any CPU.ActiveCfg = Debug|Any CPU
		{14AE8C9F-937D-4A31-A888-BE28E5FBAA9D}.Debug|Any CPU.Build.0 = Debug|Any CPU
		{14AE8C9F-937D-4A31-A888-BE28E5FBAA9D}.Debug|x64.ActiveCfg = Debug|Any CPU
		{14AE8C9F-937D-4A31-A888-BE28E5FBAA9D}.Debug|x64.Build.0 = Debug|Any CPU
		{14AE8C9F-937D-4A31-A888-BE28E5FBAA9D}.Debug|x86.ActiveCfg = Debug|Any CPU
		{14AE8C9F-937D-4A31-A888-BE28E5FBAA9D}.Debug|x86.Build.0 = Debug|Any CPU
		{14AE8C9F-937D-4A31-A888-BE28E5FBAA9D}.Release|Any CPU.ActiveCfg = Release|Any CPU
		{14AE8C9F-937D-4A31-A888-BE28E5FBAA9D}.Release|Any CPU.Build.0 = Release|Any CPU
		{14AE8C9F-937D-4A31-A888-BE28E5FBAA9D}.Release|x64.ActiveCfg = Release|Any CPU
		{14AE8C9F-937D-4A31-A888-BE28E5FBAA9D}.Release|x64.Build.0 = Release|Any CPU
		{14AE8C9F-937D-4A31-A888-BE28E5FBAA9D}.Release|x86.ActiveCfg = Release|Any CPU
		{14AE8C9F-937D-4A31-A888-BE28E5FBAA9D}.Release|x86.Build.0 = Release|Any CPU
		{12E6B96C-ED88-4ADB-8CBD-4FCDA34E2BED}.Debug|Any CPU.ActiveCfg = Debug|Any CPU
		{12E6B96C-ED88-4ADB-8CBD-4FCDA34E2BED}.Debug|Any CPU.Build.0 = Debug|Any CPU
		{12E6B96C-ED88-4ADB-8CBD-4FCDA34E2BED}.Debug|x64.ActiveCfg = Debug|Any CPU
		{12E6B96C-ED88-4ADB-8CBD-4FCDA34E2BED}.Debug|x64.Build.0 = Debug|Any CPU
		{12E6B96C-ED88-4ADB-8CBD-4FCDA34E2BED}.Debug|x86.ActiveCfg = Debug|Any CPU
		{12E6B96C-ED88-4ADB-8CBD-4FCDA34E2BED}.Debug|x86.Build.0 = Debug|Any CPU
		{12E6B96C-ED88-4ADB-8CBD-4FCDA34E2BED}.Release|Any CPU.ActiveCfg = Release|Any CPU
		{12E6B96C-ED88-4ADB-8CBD-4FCDA34E2BED}.Release|Any CPU.Build.0 = Release|Any CPU
		{12E6B96C-ED88-4ADB-8CBD-4FCDA34E2BED}.Release|x64.ActiveCfg = Release|Any CPU
		{12E6B96C-ED88-4ADB-8CBD-4FCDA34E2BED}.Release|x64.Build.0 = Release|Any CPU
		{12E6B96C-ED88-4ADB-8CBD-4FCDA34E2BED}.Release|x86.ActiveCfg = Release|Any CPU
		{12E6B96C-ED88-4ADB-8CBD-4FCDA34E2BED}.Release|x86.Build.0 = Release|Any CPU
		{1C481C12-EC58-42E6-B88A-94E83E9206C8}.Debug|Any CPU.ActiveCfg = Debug|Any CPU
		{1C481C12-EC58-42E6-B88A-94E83E9206C8}.Debug|Any CPU.Build.0 = Debug|Any CPU
		{1C481C12-EC58-42E6-B88A-94E83E9206C8}.Debug|x64.ActiveCfg = Debug|Any CPU
		{1C481C12-EC58-42E6-B88A-94E83E9206C8}.Debug|x64.Build.0 = Debug|Any CPU
		{1C481C12-EC58-42E6-B88A-94E83E9206C8}.Debug|x86.ActiveCfg = Debug|Any CPU
		{1C481C12-EC58-42E6-B88A-94E83E9206C8}.Debug|x86.Build.0 = Debug|Any CPU
		{1C481C12-EC58-42E6-B88A-94E83E9206C8}.Release|Any CPU.ActiveCfg = Release|Any CPU
		{1C481C12-EC58-42E6-B88A-94E83E9206C8}.Release|Any CPU.Build.0 = Release|Any CPU
		{1C481C12-EC58-42E6-B88A-94E83E9206C8}.Release|x64.ActiveCfg = Release|Any CPU
		{1C481C12-EC58-42E6-B88A-94E83E9206C8}.Release|x64.Build.0 = Release|Any CPU
		{1C481C12-EC58-42E6-B88A-94E83E9206C8}.Release|x86.ActiveCfg = Release|Any CPU
		{1C481C12-EC58-42E6-B88A-94E83E9206C8}.Release|x86.Build.0 = Release|Any CPU
		{9787681A-EB7C-432F-98DD-3DF78E52053A}.Debug|Any CPU.ActiveCfg = Debug|Any CPU
		{9787681A-EB7C-432F-98DD-3DF78E52053A}.Debug|Any CPU.Build.0 = Debug|Any CPU
		{9787681A-EB7C-432F-98DD-3DF78E52053A}.Debug|x64.ActiveCfg = Debug|Any CPU
		{9787681A-EB7C-432F-98DD-3DF78E52053A}.Debug|x64.Build.0 = Debug|Any CPU
		{9787681A-EB7C-432F-98DD-3DF78E52053A}.Debug|x86.ActiveCfg = Debug|Any CPU
		{9787681A-EB7C-432F-98DD-3DF78E52053A}.Debug|x86.Build.0 = Debug|Any CPU
		{9787681A-EB7C-432F-98DD-3DF78E52053A}.Release|Any CPU.ActiveCfg = Release|Any CPU
		{9787681A-EB7C-432F-98DD-3DF78E52053A}.Release|Any CPU.Build.0 = Release|Any CPU
		{9787681A-EB7C-432F-98DD-3DF78E52053A}.Release|x64.ActiveCfg = Release|Any CPU
		{9787681A-EB7C-432F-98DD-3DF78E52053A}.Release|x64.Build.0 = Release|Any CPU
		{9787681A-EB7C-432F-98DD-3DF78E52053A}.Release|x86.ActiveCfg = Release|Any CPU
		{9787681A-EB7C-432F-98DD-3DF78E52053A}.Release|x86.Build.0 = Release|Any CPU
	EndGlobalSection
	GlobalSection(SolutionProperties) = preSolution
		HideSolutionNode = FALSE
	EndGlobalSection
	GlobalSection(ExtensibilityGlobals) = postSolution
		SolutionGuid = {C1DB1EC2-CB14-421C-A5AA-2E83C827D815}
	EndGlobalSection
	GlobalSection(Performance) = preSolution
		HasPerformanceSessions = true
	EndGlobalSection
	GlobalSection(Performance) = preSolution
		HasPerformanceSessions = true
	EndGlobalSection
	GlobalSection(Performance) = preSolution
		HasPerformanceSessions = true
	EndGlobalSection
	GlobalSection(Performance) = preSolution
		HasPerformanceSessions = true
	EndGlobalSection
	GlobalSection(Performance) = preSolution
		HasPerformanceSessions = true
	EndGlobalSection
	GlobalSection(Performance) = preSolution
		HasPerformanceSessions = true
	EndGlobalSection
EndGlobal
