
Microsoft Visual Studio Solution File, Format Version 12.00
# Visual Studio 15
VisualStudioVersion = 15.0.27428.2043
MinimumVisualStudioVersion = 10.0.40219.1
Project("{FAE04EC0-301F-11D3-BF4B-00C04F79EFBC}") = "OnlyM", "OnlyM\OnlyM.csproj", "{7873ABB8-C3F2-455A-9B2B-64FCD65B378A}"
EndProject
Project("{FAE04EC0-301F-11D3-BF4B-00C04F79EFBC}") = "IntegrationTests", "IntegrationTests\IntegrationTests.csproj", "{A7CEA7B8-3E61-4D62-ADDF-3576E30660B3}"
EndProject
Project("{FAE04EC0-301F-11D3-BF4B-00C04F79EFBC}") = "OnlyM.Core", "OnlyM.Core\OnlyM.Core.csproj", "{EE384D4B-3A3B-4D9B-B2B6-CC71A6F87A97}"
EndProject
Project("{2150E333-8FDC-42A3-9474-1A3956D46DE8}") = "SolutionItems", "SolutionItems", "{4BF3D9AD-4DD8-4676-81A2-E099BC2D10AD}"
	ProjectSection(SolutionItems) = preProject
		SolutionInfo.cs = SolutionInfo.cs
	EndProjectSection
EndProject
Project("{FAE04EC0-301F-11D3-BF4B-00C04F79EFBC}") = "OnlyM.Slides", "OnlyM.Slides\OnlyM.Slides.csproj", "{4D79789C-5626-4C86-A31F-75B78385DC2A}"
EndProject
Global
	GlobalSection(SolutionConfigurationPlatforms) = preSolution
		Debug|Any CPU = Debug|Any CPU
		Release|Any CPU = Release|Any CPU
	EndGlobalSection
	GlobalSection(ProjectConfigurationPlatforms) = postSolution
		{7873ABB8-C3F2-455A-9B2B-64FCD65B378A}.Debug|Any CPU.ActiveCfg = Debug|Any CPU
		{7873ABB8-C3F2-455A-9B2B-64FCD65B378A}.Debug|Any CPU.Build.0 = Debug|Any CPU
		{7873ABB8-C3F2-455A-9B2B-64FCD65B378A}.Release|Any CPU.ActiveCfg = Release|Any CPU
		{7873ABB8-C3F2-455A-9B2B-64FCD65B378A}.Release|Any CPU.Build.0 = Release|Any CPU
		{A7CEA7B8-3E61-4D62-ADDF-3576E30660B3}.Debug|Any CPU.ActiveCfg = Debug|Any CPU
		{A7CEA7B8-3E61-4D62-ADDF-3576E30660B3}.Debug|Any CPU.Build.0 = Debug|Any CPU
		{A7CEA7B8-3E61-4D62-ADDF-3576E30660B3}.Release|Any CPU.ActiveCfg = Release|Any CPU
		{A7CEA7B8-3E61-4D62-ADDF-3576E30660B3}.Release|Any CPU.Build.0 = Release|Any CPU
		{EE384D4B-3A3B-4D9B-B2B6-CC71A6F87A97}.Debug|Any CPU.ActiveCfg = Debug|Any CPU
		{EE384D4B-3A3B-4D9B-B2B6-CC71A6F87A97}.Debug|Any CPU.Build.0 = Debug|Any CPU
		{EE384D4B-3A3B-4D9B-B2B6-CC71A6F87A97}.Release|Any CPU.ActiveCfg = Release|Any CPU
		{EE384D4B-3A3B-4D9B-B2B6-CC71A6F87A97}.Release|Any CPU.Build.0 = Release|Any CPU
		{4D79789C-5626-4C86-A31F-75B78385DC2A}.Debug|Any CPU.ActiveCfg = Debug|Any CPU
		{4D79789C-5626-4C86-A31F-75B78385DC2A}.Debug|Any CPU.Build.0 = Debug|Any CPU
		{4D79789C-5626-4C86-A31F-75B78385DC2A}.Release|Any CPU.ActiveCfg = Release|Any CPU
		{4D79789C-5626-4C86-A31F-75B78385DC2A}.Release|Any CPU.Build.0 = Release|Any CPU
	EndGlobalSection
	GlobalSection(SolutionProperties) = preSolution
		HideSolutionNode = FALSE
	EndGlobalSection
	GlobalSection(ExtensibilityGlobals) = postSolution
		SolutionGuid = {C1DB1EC2-CB14-421C-A5AA-2E83C827D815}
	EndGlobalSection
	GlobalSection(Performance) = preSolution
		HasPerformanceSessions = true
	EndGlobalSection
	GlobalSection(Performance) = preSolution
		HasPerformanceSessions = true
	EndGlobalSection
	GlobalSection(Performance) = preSolution
		HasPerformanceSessions = true
	EndGlobalSection
	GlobalSection(Performance) = preSolution
		HasPerformanceSessions = true
	EndGlobalSection
	GlobalSection(Performance) = preSolution
		HasPerformanceSessions = true
	EndGlobalSection
	GlobalSection(Performance) = preSolution
		HasPerformanceSessions = true
	EndGlobalSection
EndGlobal
