
Microsoft Visual Studio Solution File, Format Version 12.00
# Visual Studio 15
VisualStudioVersion = 15.0.27428.2043
MinimumVisualStudioVersion = 10.0.40219.1
Project("{FAE04EC0-301F-11D3-BF4B-00C04F79EFBC}") = "OnlyM", "OnlyM\OnlyM.csproj", "{7873ABB8-C3F2-455A-9B2B-64FCD65B378A}"
	ProjectSection(ProjectDependencies) = postProject
		{2B2D1430-B933-4C74-8B0F-6943D6E2ED5F} = {2B2D1430-B933-4C74-8B0F-6943D6E2ED5F}
	EndProjectSection
EndProject
Project("{FAE04EC0-301F-11D3-BF4B-00C04F79EFBC}") = "IntegrationTests", "IntegrationTests\IntegrationTests.csproj", "{A7CEA7B8-3E61-4D62-ADDF-3576E30660B3}"
EndProject
Project("{FAE04EC0-301F-11D3-BF4B-00C04F79EFBC}") = "OnlyM.Core", "OnlyM.Core\OnlyM.Core.csproj", "{EE384D4B-3A3B-4D9B-B2B6-CC71A6F87A97}"
EndProject
Project("{2150E333-8FDC-42A3-9474-1A3956D46DE8}") = "SolutionItems", "SolutionItems", "{4BF3D9AD-4DD8-4676-81A2-E099BC2D10AD}"
	ProjectSection(SolutionItems) = preProject
		OnlyM.ruleset = OnlyM.ruleset
		SolutionInfo.cs = SolutionInfo.cs
	EndProjectSection
EndProject
Project("{FAE04EC0-301F-11D3-BF4B-00C04F79EFBC}") = "OnlyM.Slides", "OnlyM.Slides\OnlyM.Slides.csproj", "{4D79789C-5626-4C86-A31F-75B78385DC2A}"
EndProject
Project("{FAE04EC0-301F-11D3-BF4B-00C04F79EFBC}") = "OnlyM.CustomControls", "OnlyM.CustomControls\OnlyM.CustomControls.csproj", "{99E74B18-EBA2-47DF-A325-BEEAB6FE8C25}"
EndProject
Project("{8BC9CEB8-8B4A-11D0-8D11-00A0C91BC942}") = "OnlyMMirror", "OnlyMMirror\OnlyMMirror.vcxproj", "{2B2D1430-B933-4C74-8B0F-6943D6E2ED5F}"
EndProject
Project("{FAE04EC0-301F-11D3-BF4B-00C04F79EFBC}") = "OnlyMSlideManager", "OnlyMSlideManager\OnlyMSlideManager.csproj", "{C49EE33A-1653-4D59-ABF5-E395611FAD73}"
EndProject
Project("{FAE04EC0-301F-11D3-BF4B-00C04F79EFBC}") = "OnlyM.CoreSys", "OnlyM.CoreSys\OnlyM.CoreSys.csproj", "{BB5933CD-CBE4-47DB-A2FC-82ABDE5BE746}"
EndProject
Global
	GlobalSection(SolutionConfigurationPlatforms) = preSolution
		Debug|Any CPU = Debug|Any CPU
		Debug|x64 = Debug|x64
		Debug|x86 = Debug|x86
		Release|Any CPU = Release|Any CPU
		Release|x64 = Release|x64
		Release|x86 = Release|x86
	EndGlobalSection
	GlobalSection(ProjectConfigurationPlatforms) = postSolution
		{7873ABB8-C3F2-455A-9B2B-64FCD65B378A}.Debug|Any CPU.ActiveCfg = Debug|Any CPU
		{7873ABB8-C3F2-455A-9B2B-64FCD65B378A}.Debug|Any CPU.Build.0 = Debug|Any CPU
		{7873ABB8-C3F2-455A-9B2B-64FCD65B378A}.Debug|x64.ActiveCfg = Debug|x64
		{7873ABB8-C3F2-455A-9B2B-64FCD65B378A}.Debug|x64.Build.0 = Debug|x64
		{7873ABB8-C3F2-455A-9B2B-64FCD65B378A}.Debug|x86.ActiveCfg = Debug|x86
		{7873ABB8-C3F2-455A-9B2B-64FCD65B378A}.Debug|x86.Build.0 = Debug|x86
		{7873ABB8-C3F2-455A-9B2B-64FCD65B378A}.Release|Any CPU.ActiveCfg = Release|Any CPU
		{7873ABB8-C3F2-455A-9B2B-64FCD65B378A}.Release|Any CPU.Build.0 = Release|Any CPU
		{7873ABB8-C3F2-455A-9B2B-64FCD65B378A}.Release|x64.ActiveCfg = Release|x64
		{7873ABB8-C3F2-455A-9B2B-64FCD65B378A}.Release|x64.Build.0 = Release|x64
		{7873ABB8-C3F2-455A-9B2B-64FCD65B378A}.Release|x86.ActiveCfg = Release|x86
		{7873ABB8-C3F2-455A-9B2B-64FCD65B378A}.Release|x86.Build.0 = Release|x86
		{A7CEA7B8-3E61-4D62-ADDF-3576E30660B3}.Debug|Any CPU.ActiveCfg = Debug|Any CPU
		{A7CEA7B8-3E61-4D62-ADDF-3576E30660B3}.Debug|Any CPU.Build.0 = Debug|Any CPU
		{A7CEA7B8-3E61-4D62-ADDF-3576E30660B3}.Debug|x64.ActiveCfg = Debug|Any CPU
		{A7CEA7B8-3E61-4D62-ADDF-3576E30660B3}.Debug|x64.Build.0 = Debug|Any CPU
		{A7CEA7B8-3E61-4D62-ADDF-3576E30660B3}.Debug|x86.ActiveCfg = Debug|x86
		{A7CEA7B8-3E61-4D62-ADDF-3576E30660B3}.Debug|x86.Build.0 = Debug|x86
		{A7CEA7B8-3E61-4D62-ADDF-3576E30660B3}.Release|Any CPU.ActiveCfg = Release|Any CPU
		{A7CEA7B8-3E61-4D62-ADDF-3576E30660B3}.Release|Any CPU.Build.0 = Release|Any CPU
		{A7CEA7B8-3E61-4D62-ADDF-3576E30660B3}.Release|x64.ActiveCfg = Release|Any CPU
		{A7CEA7B8-3E61-4D62-ADDF-3576E30660B3}.Release|x64.Build.0 = Release|Any CPU
		{A7CEA7B8-3E61-4D62-ADDF-3576E30660B3}.Release|x86.ActiveCfg = Release|x86
		{A7CEA7B8-3E61-4D62-ADDF-3576E30660B3}.Release|x86.Build.0 = Release|x86
		{EE384D4B-3A3B-4D9B-B2B6-CC71A6F87A97}.Debug|Any CPU.ActiveCfg = Debug|Any CPU
		{EE384D4B-3A3B-4D9B-B2B6-CC71A6F87A97}.Debug|Any CPU.Build.0 = Debug|Any CPU
		{EE384D4B-3A3B-4D9B-B2B6-CC71A6F87A97}.Debug|x64.ActiveCfg = Debug|Any CPU
		{EE384D4B-3A3B-4D9B-B2B6-CC71A6F87A97}.Debug|x64.Build.0 = Debug|Any CPU
		{EE384D4B-3A3B-4D9B-B2B6-CC71A6F87A97}.Debug|x86.ActiveCfg = Debug|x86
		{EE384D4B-3A3B-4D9B-B2B6-CC71A6F87A97}.Debug|x86.Build.0 = Debug|x86
		{EE384D4B-3A3B-4D9B-B2B6-CC71A6F87A97}.Release|Any CPU.ActiveCfg = Release|Any CPU
		{EE384D4B-3A3B-4D9B-B2B6-CC71A6F87A97}.Release|Any CPU.Build.0 = Release|Any CPU
		{EE384D4B-3A3B-4D9B-B2B6-CC71A6F87A97}.Release|x64.ActiveCfg = Release|Any CPU
		{EE384D4B-3A3B-4D9B-B2B6-CC71A6F87A97}.Release|x64.Build.0 = Release|Any CPU
		{EE384D4B-3A3B-4D9B-B2B6-CC71A6F87A97}.Release|x86.ActiveCfg = Release|x86
		{EE384D4B-3A3B-4D9B-B2B6-CC71A6F87A97}.Release|x86.Build.0 = Release|x86
		{4D79789C-5626-4C86-A31F-75B78385DC2A}.Debug|Any CPU.ActiveCfg = Debug|Any CPU
		{4D79789C-5626-4C86-A31F-75B78385DC2A}.Debug|Any CPU.Build.0 = Debug|Any CPU
		{4D79789C-5626-4C86-A31F-75B78385DC2A}.Debug|x64.ActiveCfg = Debug|Any CPU
		{4D79789C-5626-4C86-A31F-75B78385DC2A}.Debug|x64.Build.0 = Debug|Any CPU
		{4D79789C-5626-4C86-A31F-75B78385DC2A}.Debug|x86.ActiveCfg = Debug|Any CPU
		{4D79789C-5626-4C86-A31F-75B78385DC2A}.Debug|x86.Build.0 = Debug|Any CPU
		{4D79789C-5626-4C86-A31F-75B78385DC2A}.Release|Any CPU.ActiveCfg = Release|Any CPU
		{4D79789C-5626-4C86-A31F-75B78385DC2A}.Release|Any CPU.Build.0 = Release|Any CPU
		{4D79789C-5626-4C86-A31F-75B78385DC2A}.Release|x64.ActiveCfg = Release|Any CPU
		{4D79789C-5626-4C86-A31F-75B78385DC2A}.Release|x64.Build.0 = Release|Any CPU
		{4D79789C-5626-4C86-A31F-75B78385DC2A}.Release|x86.ActiveCfg = Release|Any CPU
		{4D79789C-5626-4C86-A31F-75B78385DC2A}.Release|x86.Build.0 = Release|Any CPU
		{99E74B18-EBA2-47DF-A325-BEEAB6FE8C25}.Debug|Any CPU.ActiveCfg = Debug|Any CPU
		{99E74B18-EBA2-47DF-A325-BEEAB6FE8C25}.Debug|Any CPU.Build.0 = Debug|Any CPU
		{99E74B18-EBA2-47DF-A325-BEEAB6FE8C25}.Debug|x64.ActiveCfg = Debug|Any CPU
		{99E74B18-EBA2-47DF-A325-BEEAB6FE8C25}.Debug|x64.Build.0 = Debug|Any CPU
		{99E74B18-EBA2-47DF-A325-BEEAB6FE8C25}.Debug|x86.ActiveCfg = Debug|x86
		{99E74B18-EBA2-47DF-A325-BEEAB6FE8C25}.Debug|x86.Build.0 = Debug|x86
		{99E74B18-EBA2-47DF-A325-BEEAB6FE8C25}.Release|Any CPU.ActiveCfg = Release|Any CPU
		{99E74B18-EBA2-47DF-A325-BEEAB6FE8C25}.Release|Any CPU.Build.0 = Release|Any CPU
		{99E74B18-EBA2-47DF-A325-BEEAB6FE8C25}.Release|x64.ActiveCfg = Release|Any CPU
		{99E74B18-EBA2-47DF-A325-BEEAB6FE8C25}.Release|x64.Build.0 = Release|Any CPU
		{99E74B18-EBA2-47DF-A325-BEEAB6FE8C25}.Release|x86.ActiveCfg = Release|x86
		{99E74B18-EBA2-47DF-A325-BEEAB6FE8C25}.Release|x86.Build.0 = Release|x86
		{2B2D1430-B933-4C74-8B0F-6943D6E2ED5F}.Debug|Any CPU.ActiveCfg = Debug|Win32
		{2B2D1430-B933-4C74-8B0F-6943D6E2ED5F}.Debug|Any CPU.Build.0 = Debug|Win32
		{2B2D1430-B933-4C74-8B0F-6943D6E2ED5F}.Debug|x64.ActiveCfg = Debug|x64
		{2B2D1430-B933-4C74-8B0F-6943D6E2ED5F}.Debug|x64.Build.0 = Debug|x64
		{2B2D1430-B933-4C74-8B0F-6943D6E2ED5F}.Debug|x86.ActiveCfg = Debug|Win32
		{2B2D1430-B933-4C74-8B0F-6943D6E2ED5F}.Debug|x86.Build.0 = Debug|Win32
		{2B2D1430-B933-4C74-8B0F-6943D6E2ED5F}.Release|Any CPU.ActiveCfg = Release|Win32
		{2B2D1430-B933-4C74-8B0F-6943D6E2ED5F}.Release|Any CPU.Build.0 = Release|Win32
		{2B2D1430-B933-4C74-8B0F-6943D6E2ED5F}.Release|x64.ActiveCfg = Release|x64
		{2B2D1430-B933-4C74-8B0F-6943D6E2ED5F}.Release|x64.Build.0 = Release|x64
		{2B2D1430-B933-4C74-8B0F-6943D6E2ED5F}.Release|x86.ActiveCfg = Release|Win32
		{2B2D1430-B933-4C74-8B0F-6943D6E2ED5F}.Release|x86.Build.0 = Release|Win32
		{C49EE33A-1653-4D59-ABF5-E395611FAD73}.Debug|Any CPU.ActiveCfg = Debug|Any CPU
		{C49EE33A-1653-4D59-ABF5-E395611FAD73}.Debug|Any CPU.Build.0 = Debug|Any CPU
		{C49EE33A-1653-4D59-ABF5-E395611FAD73}.Debug|x64.ActiveCfg = Debug|Any CPU
		{C49EE33A-1653-4D59-ABF5-E395611FAD73}.Debug|x64.Build.0 = Debug|Any CPU
		{C49EE33A-1653-4D59-ABF5-E395611FAD73}.Debug|x86.ActiveCfg = Debug|Any CPU
		{C49EE33A-1653-4D59-ABF5-E395611FAD73}.Debug|x86.Build.0 = Debug|Any CPU
		{C49EE33A-1653-4D59-ABF5-E395611FAD73}.Release|Any CPU.ActiveCfg = Release|Any CPU
		{C49EE33A-1653-4D59-ABF5-E395611FAD73}.Release|Any CPU.Build.0 = Release|Any CPU
		{C49EE33A-1653-4D59-ABF5-E395611FAD73}.Release|x64.ActiveCfg = Release|Any CPU
		{C49EE33A-1653-4D59-ABF5-E395611FAD73}.Release|x64.Build.0 = Release|Any CPU
		{C49EE33A-1653-4D59-ABF5-E395611FAD73}.Release|x86.ActiveCfg = Release|Any CPU
		{C49EE33A-1653-4D59-ABF5-E395611FAD73}.Release|x86.Build.0 = Release|Any CPU
		{BB5933CD-CBE4-47DB-A2FC-82ABDE5BE746}.Debug|Any CPU.ActiveCfg = Debug|Any CPU
		{BB5933CD-CBE4-47DB-A2FC-82ABDE5BE746}.Debug|Any CPU.Build.0 = Debug|Any CPU
		{BB5933CD-CBE4-47DB-A2FC-82ABDE5BE746}.Debug|x64.ActiveCfg = Debug|Any CPU
		{BB5933CD-CBE4-47DB-A2FC-82ABDE5BE746}.Debug|x64.Build.0 = Debug|Any CPU
		{BB5933CD-CBE4-47DB-A2FC-82ABDE5BE746}.Debug|x86.ActiveCfg = Debug|Any CPU
		{BB5933CD-CBE4-47DB-A2FC-82ABDE5BE746}.Debug|x86.Build.0 = Debug|Any CPU
		{BB5933CD-CBE4-47DB-A2FC-82ABDE5BE746}.Release|Any CPU.ActiveCfg = Release|Any CPU
		{BB5933CD-CBE4-47DB-A2FC-82ABDE5BE746}.Release|Any CPU.Build.0 = Release|Any CPU
		{BB5933CD-CBE4-47DB-A2FC-82ABDE5BE746}.Release|x64.ActiveCfg = Release|Any CPU
		{BB5933CD-CBE4-47DB-A2FC-82ABDE5BE746}.Release|x64.Build.0 = Release|Any CPU
		{BB5933CD-CBE4-47DB-A2FC-82ABDE5BE746}.Release|x86.ActiveCfg = Release|Any CPU
		{BB5933CD-CBE4-47DB-A2FC-82ABDE5BE746}.Release|x86.Build.0 = Release|Any CPU
	EndGlobalSection
	GlobalSection(SolutionProperties) = preSolution
		HideSolutionNode = FALSE
	EndGlobalSection
	GlobalSection(ExtensibilityGlobals) = postSolution
		SolutionGuid = {C1DB1EC2-CB14-421C-A5AA-2E83C827D815}
	EndGlobalSection
	GlobalSection(Performance) = preSolution
		HasPerformanceSessions = true
	EndGlobalSection
	GlobalSection(Performance) = preSolution
		HasPerformanceSessions = true
	EndGlobalSection
	GlobalSection(Performance) = preSolution
		HasPerformanceSessions = true
	EndGlobalSection
	GlobalSection(Performance) = preSolution
		HasPerformanceSessions = true
	EndGlobalSection
	GlobalSection(Performance) = preSolution
		HasPerformanceSessions = true
	EndGlobalSection
	GlobalSection(Performance) = preSolution
		HasPerformanceSessions = true
	EndGlobalSection
EndGlobal
